// !$*UTF8*$!
{
	archiveVersion = 1;
	classes = {
	};
	objectVersion = 56;
	objects = {

/* Begin PBXBuildFile section */
		0436DA2D29C4792C00BC0492 /* FirebaseAuth in Frameworks */ = {isa = PBXBuildFile; productRef = 0436DA2C29C4792C00BC0492 /* FirebaseAuth */; };
		0436DA2F29C4792C00BC0492 /* FirebaseFirestore in Frameworks */ = {isa = PBXBuildFile; productRef = 0436DA2E29C4792C00BC0492 /* FirebaseFirestore */; };
		0436DA3329C49CD400BC0492 /* GoogleService-Info.plist in Resources */ = {isa = PBXBuildFile; fileRef = 0436DA3229C49CD300BC0492 /* GoogleService-Info.plist */; };
		0436DA3629C4A10400BC0492 /* GoogleSignIn in Frameworks */ = {isa = PBXBuildFile; productRef = 0436DA3529C4A10400BC0492 /* GoogleSignIn */; };
		0436DA3829C4A10400BC0492 /* GoogleSignInSwift in Frameworks */ = {isa = PBXBuildFile; productRef = 0436DA3729C4A10400BC0492 /* GoogleSignInSwift */; };
		0436DA3C29C4A80300BC0492 /* EmailSignViewController.swift in Sources */ = {isa = PBXBuildFile; fileRef = 0436DA3B29C4A80300BC0492 /* EmailSignViewController.swift */; };
		04EC000929C7853600232477 /* AutoLayoutProperty.swift in Sources */ = {isa = PBXBuildFile; fileRef = 04EC000829C7853600232477 /* AutoLayoutProperty.swift */; };
		04EC000D29C8517900232477 /* EmailSignPresenter.swift in Sources */ = {isa = PBXBuildFile; fileRef = 04EC000C29C8517900232477 /* EmailSignPresenter.swift */; };
		04EC000F29C855EA00232477 /* User.swift in Sources */ = {isa = PBXBuildFile; fileRef = 04EC000E29C855EA00232477 /* User.swift */; };
		04EC001129C85ED100232477 /* Assets.xcassets in Resources */ = {isa = PBXBuildFile; fileRef = 04EC001029C85ED100232477 /* Assets.xcassets */; };
		04EC001329C8920C00232477 /* TodoViewController.swift in Sources */ = {isa = PBXBuildFile; fileRef = 04EC001229C8920C00232477 /* TodoViewController.swift */; };
		04EC001529C8B1B700232477 /* Todo.swift in Sources */ = {isa = PBXBuildFile; fileRef = 04EC001429C8B1B700232477 /* Todo.swift */; };
		04EC001729C8B7E900232477 /* TodoPresenter.swift in Sources */ = {isa = PBXBuildFile; fileRef = 04EC001629C8B7E900232477 /* TodoPresenter.swift */; };
		04F92CFC29C3A61F00BFEBA5 /* AppDelegate.swift in Sources */ = {isa = PBXBuildFile; fileRef = 04F92CFB29C3A61F00BFEBA5 /* AppDelegate.swift */; };
		04F92CFE29C3A61F00BFEBA5 /* SceneDelegate.swift in Sources */ = {isa = PBXBuildFile; fileRef = 04F92CFD29C3A61F00BFEBA5 /* SceneDelegate.swift */; };
		04F92D0029C3A61F00BFEBA5 /* LoginViewController.swift in Sources */ = {isa = PBXBuildFile; fileRef = 04F92CFF29C3A61F00BFEBA5 /* LoginViewController.swift */; };
		04F92D0829C3A62200BFEBA5 /* LaunchScreen.storyboard in Resources */ = {isa = PBXBuildFile; fileRef = 04F92D0629C3A62200BFEBA5 /* LaunchScreen.storyboard */; };
/* End PBXBuildFile section */

/* Begin PBXFileReference section */
		0436DA3229C49CD300BC0492 /* GoogleService-Info.plist */ = {isa = PBXFileReference; fileEncoding = 4; lastKnownFileType = text.plist.xml; path = "GoogleService-Info.plist"; sourceTree = "<group>"; };
		0436DA3B29C4A80300BC0492 /* EmailSignViewController.swift */ = {isa = PBXFileReference; lastKnownFileType = sourcecode.swift; path = EmailSignViewController.swift; sourceTree = "<group>"; };
		04EC000829C7853600232477 /* AutoLayoutProperty.swift */ = {isa = PBXFileReference; lastKnownFileType = sourcecode.swift; path = AutoLayoutProperty.swift; sourceTree = "<group>"; };
		04EC000C29C8517900232477 /* EmailSignPresenter.swift */ = {isa = PBXFileReference; lastKnownFileType = sourcecode.swift; path = EmailSignPresenter.swift; sourceTree = "<group>"; };
		04EC000E29C855EA00232477 /* User.swift */ = {isa = PBXFileReference; lastKnownFileType = sourcecode.swift; path = User.swift; sourceTree = "<group>"; };
		04EC001029C85ED100232477 /* Assets.xcassets */ = {isa = PBXFileReference; lastKnownFileType = folder.assetcatalog; path = Assets.xcassets; sourceTree = "<group>"; };
		04EC001229C8920C00232477 /* TodoViewController.swift */ = {isa = PBXFileReference; lastKnownFileType = sourcecode.swift; path = TodoViewController.swift; sourceTree = "<group>"; };
		04EC001429C8B1B700232477 /* Todo.swift */ = {isa = PBXFileReference; lastKnownFileType = sourcecode.swift; path = Todo.swift; sourceTree = "<group>"; };
		04EC001629C8B7E900232477 /* TodoPresenter.swift */ = {isa = PBXFileReference; lastKnownFileType = sourcecode.swift; path = TodoPresenter.swift; sourceTree = "<group>"; };
		04F92CF829C3A61F00BFEBA5 /* ToDoListApp.app */ = {isa = PBXFileReference; explicitFileType = wrapper.application; includeInIndex = 0; path = ToDoListApp.app; sourceTree = BUILT_PRODUCTS_DIR; };
		04F92CFB29C3A61F00BFEBA5 /* AppDelegate.swift */ = {isa = PBXFileReference; lastKnownFileType = sourcecode.swift; path = AppDelegate.swift; sourceTree = "<group>"; };
		04F92CFD29C3A61F00BFEBA5 /* SceneDelegate.swift */ = {isa = PBXFileReference; lastKnownFileType = sourcecode.swift; path = SceneDelegate.swift; sourceTree = "<group>"; };
		04F92CFF29C3A61F00BFEBA5 /* LoginViewController.swift */ = {isa = PBXFileReference; lastKnownFileType = sourcecode.swift; path = LoginViewController.swift; sourceTree = "<group>"; };
		04F92D0729C3A62200BFEBA5 /* Base */ = {isa = PBXFileReference; lastKnownFileType = file.storyboard; name = Base; path = Base.lproj/LaunchScreen.storyboard; sourceTree = "<group>"; };
		04F92D0929C3A62200BFEBA5 /* Info.plist */ = {isa = PBXFileReference; lastKnownFileType = text.plist.xml; path = Info.plist; sourceTree = "<group>"; };
/* End PBXFileReference section */

/* Begin PBXFrameworksBuildPhase section */
		04F92CF529C3A61F00BFEBA5 /* Frameworks */ = {
			isa = PBXFrameworksBuildPhase;
			buildActionMask = 2147483647;
			files = (
				0436DA2D29C4792C00BC0492 /* FirebaseAuth in Frameworks */,
				0436DA2F29C4792C00BC0492 /* FirebaseFirestore in Frameworks */,
				0436DA3629C4A10400BC0492 /* GoogleSignIn in Frameworks */,
				0436DA3829C4A10400BC0492 /* GoogleSignInSwift in Frameworks */,
			);
			runOnlyForDeploymentPostprocessing = 0;
		};
/* End PBXFrameworksBuildPhase section */

/* Begin PBXGroup section */
		04EC000729C7851100232477 /* Layout */ = {
			isa = PBXGroup;
			children = (
				04EC000829C7853600232477 /* AutoLayoutProperty.swift */,
			);
			path = Layout;
			sourceTree = "<group>";
		};
		04EC000A29C8514E00232477 /* Models */ = {
			isa = PBXGroup;
			children = (
				04EC000E29C855EA00232477 /* User.swift */,
				04EC001429C8B1B700232477 /* Todo.swift */,
			);
			path = Models;
			sourceTree = "<group>";
		};
		04EC000B29C8515D00232477 /* Presenters */ = {
			isa = PBXGroup;
			children = (
				04EC000C29C8517900232477 /* EmailSignPresenter.swift */,
				04EC001629C8B7E900232477 /* TodoPresenter.swift */,
			);
			path = Presenters;
			sourceTree = "<group>";
		};
		04F92CEF29C3A61F00BFEBA5 = {
			isa = PBXGroup;
			children = (
				04F92CFA29C3A61F00BFEBA5 /* ToDoListApp */,
				04F92CF929C3A61F00BFEBA5 /* Products */,
			);
			sourceTree = "<group>";
		};
		04F92CF929C3A61F00BFEBA5 /* Products */ = {
			isa = PBXGroup;
			children = (
				04F92CF829C3A61F00BFEBA5 /* ToDoListApp.app */,
			);
			name = Products;
			sourceTree = "<group>";
		};
		04F92CFA29C3A61F00BFEBA5 /* ToDoListApp */ = {
			isa = PBXGroup;
			children = (
				04EC001029C85ED100232477 /* Assets.xcassets */,
				04EC000A29C8514E00232477 /* Models */,
				04F92D1129C3A67A00BFEBA5 /* Views */,
				04EC000B29C8515D00232477 /* Presenters */,
				04F92D1229C3A68400BFEBA5 /* Supporting Files */,
				0436DA3229C49CD300BC0492 /* GoogleService-Info.plist */,
				04F92D0929C3A62200BFEBA5 /* Info.plist */,
			);
			path = ToDoListApp;
			sourceTree = "<group>";
		};
		04F92D1129C3A67A00BFEBA5 /* Views */ = {
			isa = PBXGroup;
			children = (
				04F92CFF29C3A61F00BFEBA5 /* LoginViewController.swift */,
				0436DA3B29C4A80300BC0492 /* EmailSignViewController.swift */,
				04EC001229C8920C00232477 /* TodoViewController.swift */,
			);
			path = Views;
			sourceTree = "<group>";
		};
		04F92D1229C3A68400BFEBA5 /* Supporting Files */ = {
			isa = PBXGroup;
			children = (
				04EC000729C7851100232477 /* Layout */,
				04F92CFB29C3A61F00BFEBA5 /* AppDelegate.swift */,
				04F92CFD29C3A61F00BFEBA5 /* SceneDelegate.swift */,
				04F92D0629C3A62200BFEBA5 /* LaunchScreen.storyboard */,
			);
			path = "Supporting Files";
			sourceTree = "<group>";
		};
/* End PBXGroup section */

/* Begin PBXNativeTarget section */
		04F92CF729C3A61F00BFEBA5 /* ToDoListApp */ = {
			isa = PBXNativeTarget;
			buildConfigurationList = 04F92D0C29C3A62200BFEBA5 /* Build configuration list for PBXNativeTarget "ToDoListApp" */;
			buildPhases = (
				04F92CF429C3A61F00BFEBA5 /* Sources */,
				04F92CF529C3A61F00BFEBA5 /* Frameworks */,
				04F92CF629C3A61F00BFEBA5 /* Resources */,
			);
			buildRules = (
			);
			dependencies = (
			);
			name = ToDoListApp;
			packageProductDependencies = (
				0436DA2C29C4792C00BC0492 /* FirebaseAuth */,
				0436DA2E29C4792C00BC0492 /* FirebaseFirestore */,
				0436DA3529C4A10400BC0492 /* GoogleSignIn */,
				0436DA3729C4A10400BC0492 /* GoogleSignInSwift */,
			);
			productName = ToDoListApp;
			productReference = 04F92CF829C3A61F00BFEBA5 /* ToDoListApp.app */;
			productType = "com.apple.product-type.application";
		};
/* End PBXNativeTarget section */

/* Begin PBXProject section */
		04F92CF029C3A61F00BFEBA5 /* Project object */ = {
			isa = PBXProject;
			attributes = {
				BuildIndependentTargetsInParallel = 1;
				LastSwiftUpdateCheck = 1420;
				LastUpgradeCheck = 1420;
				TargetAttributes = {
					04F92CF729C3A61F00BFEBA5 = {
						CreatedOnToolsVersion = 14.2;
					};
				};
			};
			buildConfigurationList = 04F92CF329C3A61F00BFEBA5 /* Build configuration list for PBXProject "ToDoListApp" */;
			compatibilityVersion = "Xcode 14.0";
			developmentRegion = en;
			hasScannedForEncodings = 0;
			knownRegions = (
				en,
				Base,
			);
			mainGroup = 04F92CEF29C3A61F00BFEBA5;
			packageReferences = (
				0436DA2B29C4792C00BC0492 /* XCRemoteSwiftPackageReference "firebase-ios-sdk" */,
				0436DA3429C4A10400BC0492 /* XCRemoteSwiftPackageReference "GoogleSignIn-iOS" */,
			);
			productRefGroup = 04F92CF929C3A61F00BFEBA5 /* Products */;
			projectDirPath = "";
			projectRoot = "";
			targets = (
				04F92CF729C3A61F00BFEBA5 /* ToDoListApp */,
			);
		};
/* End PBXProject section */

/* Begin PBXResourcesBuildPhase section */
		04F92CF629C3A61F00BFEBA5 /* Resources */ = {
			isa = PBXResourcesBuildPhase;
			buildActionMask = 2147483647;
			files = (
				04F92D0829C3A62200BFEBA5 /* LaunchScreen.storyboard in Resources */,
				0436DA3329C49CD400BC0492 /* GoogleService-Info.plist in Resources */,
				04EC001129C85ED100232477 /* Assets.xcassets in Resources */,
			);
			runOnlyForDeploymentPostprocessing = 0;
		};
/* End PBXResourcesBuildPhase section */

/* Begin PBXSourcesBuildPhase section */
		04F92CF429C3A61F00BFEBA5 /* Sources */ = {
			isa = PBXSourcesBuildPhase;
			buildActionMask = 2147483647;
			files = (
				04EC001329C8920C00232477 /* TodoViewController.swift in Sources */,
				04EC000D29C8517900232477 /* EmailSignPresenter.swift in Sources */,
				04EC000929C7853600232477 /* AutoLayoutProperty.swift in Sources */,
				0436DA3C29C4A80300BC0492 /* EmailSignViewController.swift in Sources */,
				04EC001529C8B1B700232477 /* Todo.swift in Sources */,
				04F92D0029C3A61F00BFEBA5 /* LoginViewController.swift in Sources */,
				04F92CFC29C3A61F00BFEBA5 /* AppDelegate.swift in Sources */,
				04F92CFE29C3A61F00BFEBA5 /* SceneDelegate.swift in Sources */,
				04EC001729C8B7E900232477 /* TodoPresenter.swift in Sources */,
				04EC000F29C855EA00232477 /* User.swift in Sources */,
			);
			runOnlyForDeploymentPostprocessing = 0;
		};
/* End PBXSourcesBuildPhase section */

/* Begin PBXVariantGroup section */
		04F92D0629C3A62200BFEBA5 /* LaunchScreen.storyboard */ = {
			isa = PBXVariantGroup;
			children = (
				04F92D0729C3A62200BFEBA5 /* Base */,
			);
			name = LaunchScreen.storyboard;
			sourceTree = "<group>";
		};
/* End PBXVariantGroup section */

/* Begin XCBuildConfiguration section */
		04F92D0A29C3A62200BFEBA5 /* Debug */ = {
			isa = XCBuildConfiguration;
			buildSettings = {
				ALWAYS_SEARCH_USER_PATHS = NO;
				CLANG_ANALYZER_NONNULL = YES;
				CLANG_ANALYZER_NUMBER_OBJECT_CONVERSION = YES_AGGRESSIVE;
				CLANG_CXX_LANGUAGE_STANDARD = "gnu++20";
				CLANG_ENABLE_MODULES = YES;
				CLANG_ENABLE_OBJC_ARC = YES;
				CLANG_ENABLE_OBJC_WEAK = YES;
				CLANG_WARN_BLOCK_CAPTURE_AUTORELEASING = YES;
				CLANG_WARN_BOOL_CONVERSION = YES;
				CLANG_WARN_COMMA = YES;
				CLANG_WARN_CONSTANT_CONVERSION = YES;
				CLANG_WARN_DEPRECATED_OBJC_IMPLEMENTATIONS = YES;
				CLANG_WARN_DIRECT_OBJC_ISA_USAGE = YES_ERROR;
				CLANG_WARN_DOCUMENTATION_COMMENTS = YES;
				CLANG_WARN_EMPTY_BODY = YES;
				CLANG_WARN_ENUM_CONVERSION = YES;
				CLANG_WARN_INFINITE_RECURSION = YES;
				CLANG_WARN_INT_CONVERSION = YES;
				CLANG_WARN_NON_LITERAL_NULL_CONVERSION = YES;
				CLANG_WARN_OBJC_IMPLICIT_RETAIN_SELF = YES;
				CLANG_WARN_OBJC_LITERAL_CONVERSION = YES;
				CLANG_WARN_OBJC_ROOT_CLASS = YES_ERROR;
				CLANG_WARN_QUOTED_INCLUDE_IN_FRAMEWORK_HEADER = YES;
				CLANG_WARN_RANGE_LOOP_ANALYSIS = YES;
				CLANG_WARN_STRICT_PROTOTYPES = YES;
				CLANG_WARN_SUSPICIOUS_MOVE = YES;
				CLANG_WARN_UNGUARDED_AVAILABILITY = YES_AGGRESSIVE;
				CLANG_WARN_UNREACHABLE_CODE = YES;
				CLANG_WARN__DUPLICATE_METHOD_MATCH = YES;
				COPY_PHASE_STRIP = NO;
				DEBUG_INFORMATION_FORMAT = dwarf;
				ENABLE_STRICT_OBJC_MSGSEND = YES;
				ENABLE_TESTABILITY = YES;
				GCC_C_LANGUAGE_STANDARD = gnu11;
				GCC_DYNAMIC_NO_PIC = NO;
				GCC_NO_COMMON_BLOCKS = YES;
				GCC_OPTIMIZATION_LEVEL = 0;
				GCC_PREPROCESSOR_DEFINITIONS = (
					"DEBUG=1",
					"$(inherited)",
				);
				GCC_WARN_64_TO_32_BIT_CONVERSION = YES;
				GCC_WARN_ABOUT_RETURN_TYPE = YES_ERROR;
				GCC_WARN_UNDECLARED_SELECTOR = YES;
				GCC_WARN_UNINITIALIZED_AUTOS = YES_AGGRESSIVE;
				GCC_WARN_UNUSED_FUNCTION = YES;
				GCC_WARN_UNUSED_VARIABLE = YES;
				IPHONEOS_DEPLOYMENT_TARGET = 16.2;
				MTL_ENABLE_DEBUG_INFO = INCLUDE_SOURCE;
				MTL_FAST_MATH = YES;
				ONLY_ACTIVE_ARCH = YES;
				SDKROOT = iphoneos;
				SWIFT_ACTIVE_COMPILATION_CONDITIONS = DEBUG;
				SWIFT_OPTIMIZATION_LEVEL = "-Onone";
			};
			name = Debug;
		};
		04F92D0B29C3A62200BFEBA5 /* Release */ = {
			isa = XCBuildConfiguration;
			buildSettings = {
				ALWAYS_SEARCH_USER_PATHS = NO;
				CLANG_ANALYZER_NONNULL = YES;
				CLANG_ANALYZER_NUMBER_OBJECT_CONVERSION = YES_AGGRESSIVE;
				CLANG_CXX_LANGUAGE_STANDARD = "gnu++20";
				CLANG_ENABLE_MODULES = YES;
				CLANG_ENABLE_OBJC_ARC = YES;
				CLANG_ENABLE_OBJC_WEAK = YES;
				CLANG_WARN_BLOCK_CAPTURE_AUTORELEASING = YES;
				CLANG_WARN_BOOL_CONVERSION = YES;
				CLANG_WARN_COMMA = YES;
				CLANG_WARN_CONSTANT_CONVERSION = YES;
				CLANG_WARN_DEPRECATED_OBJC_IMPLEMENTATIONS = YES;
				CLANG_WARN_DIRECT_OBJC_ISA_USAGE = YES_ERROR;
				CLANG_WARN_DOCUMENTATION_COMMENTS = YES;
				CLANG_WARN_EMPTY_BODY = YES;
				CLANG_WARN_ENUM_CONVERSION = YES;
				CLANG_WARN_INFINITE_RECURSION = YES;
				CLANG_WARN_INT_CONVERSION = YES;
				CLANG_WARN_NON_LITERAL_NULL_CONVERSION = YES;
				CLANG_WARN_OBJC_IMPLICIT_RETAIN_SELF = YES;
				CLANG_WARN_OBJC_LITERAL_CONVERSION = YES;
				CLANG_WARN_OBJC_ROOT_CLASS = YES_ERROR;
				CLANG_WARN_QUOTED_INCLUDE_IN_FRAMEWORK_HEADER = YES;
				CLANG_WARN_RANGE_LOOP_ANALYSIS = YES;
				CLANG_WARN_STRICT_PROTOTYPES = YES;
				CLANG_WARN_SUSPICIOUS_MOVE = YES;
				CLANG_WARN_UNGUARDED_AVAILABILITY = YES_AGGRESSIVE;
				CLANG_WARN_UNREACHABLE_CODE = YES;
				CLANG_WARN__DUPLICATE_METHOD_MATCH = YES;
				COPY_PHASE_STRIP = NO;
				DEBUG_INFORMATION_FORMAT = "dwarf-with-dsym";
				ENABLE_NS_ASSERTIONS = NO;
				ENABLE_STRICT_OBJC_MSGSEND = YES;
				GCC_C_LANGUAGE_STANDARD = gnu11;
				GCC_NO_COMMON_BLOCKS = YES;
				GCC_WARN_64_TO_32_BIT_CONVERSION = YES;
				GCC_WARN_ABOUT_RETURN_TYPE = YES_ERROR;
				GCC_WARN_UNDECLARED_SELECTOR = YES;
				GCC_WARN_UNINITIALIZED_AUTOS = YES_AGGRESSIVE;
				GCC_WARN_UNUSED_FUNCTION = YES;
				GCC_WARN_UNUSED_VARIABLE = YES;
				IPHONEOS_DEPLOYMENT_TARGET = 16.2;
				MTL_ENABLE_DEBUG_INFO = NO;
				MTL_FAST_MATH = YES;
				SDKROOT = iphoneos;
				SWIFT_COMPILATION_MODE = wholemodule;
				SWIFT_OPTIMIZATION_LEVEL = "-O";
				VALIDATE_PRODUCT = YES;
			};
			name = Release;
		};
		04F92D0D29C3A62200BFEBA5 /* Debug */ = {
			isa = XCBuildConfiguration;
			buildSettings = {
				ASSETCATALOG_COMPILER_APPICON_NAME = AppIcon;
				ASSETCATALOG_COMPILER_GLOBAL_ACCENT_COLOR_NAME = AccentColor;
				CODE_SIGN_STYLE = Automatic;
				CURRENT_PROJECT_VERSION = 1;
				DEVELOPMENT_TEAM = PZYYYHVKDH;
				GENERATE_INFOPLIST_FILE = YES;
				INFOPLIST_FILE = ToDoListApp/Info.plist;
				INFOPLIST_KEY_LSApplicationCategoryType = "public.app-category.business";
				INFOPLIST_KEY_UIApplicationSupportsIndirectInputEvents = YES;
				INFOPLIST_KEY_UILaunchStoryboardName = LaunchScreen;
				INFOPLIST_KEY_UIMainStoryboardFile = Main;
				INFOPLIST_KEY_UISupportedInterfaceOrientations_iPad = "UIInterfaceOrientationPortrait UIInterfaceOrientationPortraitUpsideDown UIInterfaceOrientationLandscapeLeft UIInterfaceOrientationLandscapeRight";
				INFOPLIST_KEY_UISupportedInterfaceOrientations_iPhone = "UIInterfaceOrientationPortrait UIInterfaceOrientationLandscapeLeft UIInterfaceOrientationLandscapeRight";
				IPHONEOS_DEPLOYMENT_TARGET = 15.0;
				LD_RUNPATH_SEARCH_PATHS = (
					"$(inherited)",
					"@executable_path/Frameworks",
				);
				MARKETING_VERSION = 1.0;
				PRODUCT_BUNDLE_IDENTIFIER = com.kk54.ToDoListApp;
				PRODUCT_NAME = "$(TARGET_NAME)";
				SWIFT_EMIT_LOC_STRINGS = YES;
				SWIFT_VERSION = 5.0;
				TARGETED_DEVICE_FAMILY = "1,2";
			};
			name = Debug;
		};
		04F92D0E29C3A62200BFEBA5 /* Release */ = {
			isa = XCBuildConfiguration;
			buildSettings = {
				ASSETCATALOG_COMPILER_APPICON_NAME = AppIcon;
				ASSETCATALOG_COMPILER_GLOBAL_ACCENT_COLOR_NAME = AccentColor;
				CODE_SIGN_STYLE = Automatic;
				CURRENT_PROJECT_VERSION = 1;
				DEVELOPMENT_TEAM = PZYYYHVKDH;
				GENERATE_INFOPLIST_FILE = YES;
				INFOPLIST_FILE = ToDoListApp/Info.plist;
				INFOPLIST_KEY_LSApplicationCategoryType = "public.app-category.business";
				INFOPLIST_KEY_UIApplicationSupportsIndirectInputEvents = YES;
				INFOPLIST_KEY_UILaunchStoryboardName = LaunchScreen;
				INFOPLIST_KEY_UIMainStoryboardFile = Main;
				INFOPLIST_KEY_UISupportedInterfaceOrientations_iPad = "UIInterfaceOrientationPortrait UIInterfaceOrientationPortraitUpsideDown UIInterfaceOrientationLandscapeLeft UIInterfaceOrientationLandscapeRight";
				INFOPLIST_KEY_UISupportedInterfaceOrientations_iPhone = "UIInterfaceOrientationPortrait UIInterfaceOrientationLandscapeLeft UIInterfaceOrientationLandscapeRight";
				IPHONEOS_DEPLOYMENT_TARGET = 15.0;
				LD_RUNPATH_SEARCH_PATHS = (
					"$(inherited)",
					"@executable_path/Frameworks",
				);
				MARKETING_VERSION = 1.0;
				PRODUCT_BUNDLE_IDENTIFIER = com.kk54.ToDoListApp;
				PRODUCT_NAME = "$(TARGET_NAME)";
				SWIFT_EMIT_LOC_STRINGS = YES;
				SWIFT_VERSION = 5.0;
				TARGETED_DEVICE_FAMILY = "1,2";
			};
			name = Release;
		};
/* End XCBuildConfiguration section */

/* Begin XCConfigurationList section */
		04F92CF329C3A61F00BFEBA5 /* Build configuration list for PBXProject "ToDoListApp" */ = {
			isa = XCConfigurationList;
			buildConfigurations = (
				04F92D0A29C3A62200BFEBA5 /* Debug */,
				04F92D0B29C3A62200BFEBA5 /* Release */,
			);
			defaultConfigurationIsVisible = 0;
			defaultConfigurationName = Release;
		};
		04F92D0C29C3A62200BFEBA5 /* Build configuration list for PBXNativeTarget "ToDoListApp" */ = {
			isa = XCConfigurationList;
			buildConfigurations = (
				04F92D0D29C3A62200BFEBA5 /* Debug */,
				04F92D0E29C3A62200BFEBA5 /* Release */,
			);
			defaultConfigurationIsVisible = 0;
			defaultConfigurationName = Release;
		};
/* End XCConfigurationList section */

/* Begin XCRemoteSwiftPackageReference section */
		0436DA2B29C4792C00BC0492 /* XCRemoteSwiftPackageReference "firebase-ios-sdk" */ = {
			isa = XCRemoteSwiftPackageReference;
			repositoryURL = "https://github.com/firebase/firebase-ios-sdk";
			requirement = {
				kind = upToNextMajorVersion;
				minimumVersion = 9.0.0;
			};
		};
		0436DA3429C4A10400BC0492 /* XCRemoteSwiftPackageReference "GoogleSignIn-iOS" */ = {
			isa = XCRemoteSwiftPackageReference;
			repositoryURL = "https://github.com/google/GoogleSignIn-iOS";
			requirement = {
				kind = upToNextMajorVersion;
				minimumVersion = 7.0.0;
			};
		};
/* End XCRemoteSwiftPackageReference section */

/* Begin XCSwiftPackageProductDependency section */
		0436DA2C29C4792C00BC0492 /* FirebaseAuth */ = {
			isa = XCSwiftPackageProductDependency;
			package = 0436DA2B29C4792C00BC0492 /* XCRemoteSwiftPackageReference "firebase-ios-sdk" */;
			productName = FirebaseAuth;
		};
		0436DA2E29C4792C00BC0492 /* FirebaseFirestore */ = {
			isa = XCSwiftPackageProductDependency;
			package = 0436DA2B29C4792C00BC0492 /* XCRemoteSwiftPackageReference "firebase-ios-sdk" */;
			productName = FirebaseFirestore;
		};
		0436DA3529C4A10400BC0492 /* GoogleSignIn */ = {
			isa = XCSwiftPackageProductDependency;
			package = 0436DA3429C4A10400BC0492 /* XCRemoteSwiftPackageReference "GoogleSignIn-iOS" */;
			productName = GoogleSignIn;
		};
		0436DA3729C4A10400BC0492 /* GoogleSignInSwift */ = {
			isa = XCSwiftPackageProductDependency;
			package = 0436DA3429C4A10400BC0492 /* XCRemoteSwiftPackageReference "GoogleSignIn-iOS" */;
			productName = GoogleSignInSwift;
		};
/* End XCSwiftPackageProductDependency section */
	};
	rootObject = 04F92CF029C3A61F00BFEBA5 /* Project object */;
}
